
Microsoft Visual Studio Solution File, Format Version 12.00
# Visual Studio Version 16
VisualStudioVersion = 16.0.30523.141
MinimumVisualStudioVersion = 10.0.40219.1
Project("{FAE04EC0-301F-11D3-BF4B-00C04F79EFBC}") = "CAIGUÍA_EJR9", "CAIGUÍA_EJR9.csproj", "{38734404-5981-40A3-8B71-FB686533B1DB}"
EndProject
Global
	GlobalSection(SolutionConfigurationPlatforms) = preSolution
		Debug|Any CPU = Debug|Any CPU
		Release|Any CPU = Release|Any CPU
	EndGlobalSection
	GlobalSection(ProjectConfigurationPlatforms) = postSolution
		{38734404-5981-40A3-8B71-FB686533B1DB}.Debug|Any CPU.ActiveCfg = Debug|Any CPU
		{38734404-5981-40A3-8B71-FB686533B1DB}.Debug|Any CPU.Build.0 = Debug|Any CPU
		{38734404-5981-40A3-8B71-FB686533B1DB}.Release|Any CPU.ActiveCfg = Release|Any CPU
		{38734404-5981-40A3-8B71-FB686533B1DB}.Release|Any CPU.Build.0 = Release|Any CPU
	EndGlobalSection
	GlobalSection(SolutionProperties) = preSolution
		HideSolutionNode = FALSE
	EndGlobalSection
	GlobalSection(ExtensibilityGlobals) = postSolution
		SolutionGuid = {ED6029C2-1280-411A-BB77-C3ADBA30357C}
	EndGlobalSection
EndGlobal
