
Microsoft Visual Studio Solution File, Format Version 12.00
# Visual Studio Version 16
VisualStudioVersion = 16.0.30523.141
MinimumVisualStudioVersion = 10.0.40219.1
Project("{FAE04EC0-301F-11D3-BF4B-00C04F79EFBC}") = "CAIGUÍA_EJR11", "CAIGUÍA_EJR11.csproj", "{753769C7-3908-4399-A3C9-D34CC2893D8C}"
EndProject
Global
	GlobalSection(SolutionConfigurationPlatforms) = preSolution
		Debug|Any CPU = Debug|Any CPU
		Release|Any CPU = Release|Any CPU
	EndGlobalSection
	GlobalSection(ProjectConfigurationPlatforms) = postSolution
		{753769C7-3908-4399-A3C9-D34CC2893D8C}.Debug|Any CPU.ActiveCfg = Debug|Any CPU
		{753769C7-3908-4399-A3C9-D34CC2893D8C}.Debug|Any CPU.Build.0 = Debug|Any CPU
		{753769C7-3908-4399-A3C9-D34CC2893D8C}.Release|Any CPU.ActiveCfg = Release|Any CPU
		{753769C7-3908-4399-A3C9-D34CC2893D8C}.Release|Any CPU.Build.0 = Release|Any CPU
	EndGlobalSection
	GlobalSection(SolutionProperties) = preSolution
		HideSolutionNode = FALSE
	EndGlobalSection
	GlobalSection(ExtensibilityGlobals) = postSolution
		SolutionGuid = {6F17A0F2-158D-4819-B2DE-FB39349B8FB1}
	EndGlobalSection
EndGlobal
